{
  "nodes": {
    "grub2-themes": {
      "inputs": {
        "nixpkgs": "nixpkgs"
      },
      "locked": {
        "lastModified": 1724048800,
        "narHash": "sha256-+Gwv1Bpy7TomxrfUpQFGp3ngSA61PmMSFVW6V1ZYQyU=",
        "owner": "vinceliuice",
        "repo": "grub2-themes",
        "rev": "775e4f7487fb4e56da215f6bcd9dcc7585db0352",
        "type": "github"
      },
      "original": {
        "owner": "vinceliuice",
        "repo": "grub2-themes",
        "type": "github"
      }
    },
    "home-manager": {
      "inputs": {
        "nixpkgs": [
          "nixpkgs"
        ]
      },
      "locked": {
        "lastModified": 1724412708,
        "narHash": "sha256-tLr1k+UZLVumyqXRU8E5lBtLjsvHSy8e2NiamfkjpYg=",
        "owner": "nix-community",
        "repo": "home-manager",
        "rev": "b18f3ebc4029c22d437e3424014c8597a8b459a0",
        "type": "github"
      },
      "original": {
        "owner": "nix-community",
        "repo": "home-manager",
        "type": "github"
      }
    },
    "nixpkgs": {
      "locked": {
        "lastModified": 1724480840,
        "narHash": "sha256-0BL7N9Y2CQboC4sa0pfQVRRg4SrWHkNVQACvsW0X4Ug=",
        "owner": "NixOS",
        "repo": "nixpkgs",
        "rev": "0ed8c50a9807201f4ff5495002f6bb7f466da535",
        "type": "github"
      },
      "original": {
        "owner": "NixOS",
        "ref": "master",
        "repo": "nixpkgs",
        "type": "github"
      }
    },
    "nixpkgs_2": {
      "locked": {
        "lastModified": 1724316499,
        "narHash": "sha256-Qb9MhKBUTCfWg/wqqaxt89Xfi6qTD3XpTzQ9eXi3JmE=",
        "owner": "nixos",
        "repo": "nixpkgs",
        "rev": "797f7dc49e0bc7fab4b57c021cdf68f595e47841",
        "type": "github"
      },
      "original": {
        "owner": "nixos",
        "ref": "nixos-24.05",
        "repo": "nixpkgs",
        "type": "github"
      }
    },
    "root": {
      "inputs": {
        "grub2-themes": "grub2-themes",
        "home-manager": "home-manager",
        "nixpkgs": "nixpkgs_2"
      }
    }
  },
  "root": "root",
  "version": 7
}
